
Microsoft Visual Studio Solution File, Format Version 12.00
# Visual Studio Version 17
VisualStudioVersion = 17.5.33627.172
MinimumVisualStudioVersion = 10.0.40219.1
Project("{FAE04EC0-301F-11D3-BF4B-00C04F79EFBC}") = "AgrowFarmProject", "AgrowFarmProject\AgrowFarmProject.csproj", "{59829902-9D2C-400E-BD8D-441E65869561}"
EndProject
Global
	GlobalSection(SolutionConfigurationPlatforms) = preSolution
		Debug|Any CPU = Debug|Any CPU
		Release|Any CPU = Release|Any CPU
	EndGlobalSection
	GlobalSection(ProjectConfigurationPlatforms) = postSolution
		{59829902-9D2C-400E-BD8D-441E65869561}.Debug|Any CPU.ActiveCfg = Debug|Any CPU
		{59829902-9D2C-400E-BD8D-441E65869561}.Debug|Any CPU.Build.0 = Debug|Any CPU
		{59829902-9D2C-400E-BD8D-441E65869561}.Release|Any CPU.ActiveCfg = Release|Any CPU
		{59829902-9D2C-400E-BD8D-441E65869561}.Release|Any CPU.Build.0 = Release|Any CPU
	EndGlobalSection
	GlobalSection(SolutionProperties) = preSolution
		HideSolutionNode = FALSE
	EndGlobalSection
	GlobalSection(ExtensibilityGlobals) = postSolution
		SolutionGuid = {FF11C7B4-97D4-4838-AAC2-758CBF0FF0A7}
	EndGlobalSection
EndGlobal
